// !$*UTF8*$!
{
	archiveVersion = 1;
	classes = {
	};
	objectVersion = 51;
	objects = {

/* Begin PBXBuildFile section */
		04894CB725E3532F00238BC6 /* AppDelegate.swift in Sources */ = {isa = PBXBuildFile; fileRef = 04894CB625E3532F00238BC6 /* AppDelegate.swift */; };
		04894CB925E3532F00238BC6 /* SceneDelegate.swift in Sources */ = {isa = PBXBuildFile; fileRef = 04894CB825E3532F00238BC6 /* SceneDelegate.swift */; };
		04894CBB25E3532F00238BC6 /* ViewController.swift in Sources */ = {isa = PBXBuildFile; fileRef = 04894CBA25E3532F00238BC6 /* ViewController.swift */; };
		04894CBE25E3532F00238BC6 /* Main.storyboard in Resources */ = {isa = PBXBuildFile; fileRef = 04894CBC25E3532F00238BC6 /* Main.storyboard */; };
		04894CC025E3533100238BC6 /* Assets.xcassets in Resources */ = {isa = PBXBuildFile; fileRef = 04894CBF25E3533100238BC6 /* Assets.xcassets */; };
		04894CC325E3533100238BC6 /* LaunchScreen.storyboard in Resources */ = {isa = PBXBuildFile; fileRef = 04894CC125E3533100238BC6 /* LaunchScreen.storyboard */; };
		8180F715F50058A024DE5D98 /* Pods_TestPDKit.framework in Frameworks */ = {isa = PBXBuildFile; fileRef = 92F9BC2C5EDBBB01EF7A5F6C /* Pods_TestPDKit.framework */; };
/* End PBXBuildFile section */

/* Begin PBXFileReference section */
		04894CB325E3532F00238BC6 /* TestPDKit.app */ = {isa = PBXFileReference; explicitFileType = wrapper.application; includeInIndex = 0; path = TestPDKit.app; sourceTree = BUILT_PRODUCTS_DIR; };
		04894CB625E3532F00238BC6 /* AppDelegate.swift */ = {isa = PBXFileReference; lastKnownFileType = sourcecode.swift; path = AppDelegate.swift; sourceTree = "<group>"; };
		04894CB825E3532F00238BC6 /* SceneDelegate.swift */ = {isa = PBXFileReference; lastKnownFileType = sourcecode.swift; path = SceneDelegate.swift; sourceTree = "<group>"; };
		04894CBA25E3532F00238BC6 /* ViewController.swift */ = {isa = PBXFileReference; lastKnownFileType = sourcecode.swift; path = ViewController.swift; sourceTree = "<group>"; };
		04894CBD25E3532F00238BC6 /* Base */ = {isa = PBXFileReference; lastKnownFileType = file.storyboard; name = Base; path = Base.lproj/Main.storyboard; sourceTree = "<group>"; };
		04894CBF25E3533100238BC6 /* Assets.xcassets */ = {isa = PBXFileReference; lastKnownFileType = folder.assetcatalog; path = Assets.xcassets; sourceTree = "<group>"; };
		04894CC225E3533100238BC6 /* Base */ = {isa = PBXFileReference; lastKnownFileType = file.storyboard; name = Base; path = Base.lproj/LaunchScreen.storyboard; sourceTree = "<group>"; };
		04894CC425E3533100238BC6 /* Info.plist */ = {isa = PBXFileReference; lastKnownFileType = text.plist.xml; path = Info.plist; sourceTree = "<group>"; };
		15A7B151E325CB4C6BE93200 /* Pods-TestPDKit.release.xcconfig */ = {isa = PBXFileReference; includeInIndex = 1; lastKnownFileType = text.xcconfig; name = "Pods-TestPDKit.release.xcconfig"; path = "Target Support Files/Pods-TestPDKit/Pods-TestPDKit.release.xcconfig"; sourceTree = "<group>"; };
		92F9BC2C5EDBBB01EF7A5F6C /* Pods_TestPDKit.framework */ = {isa = PBXFileReference; explicitFileType = wrapper.framework; includeInIndex = 0; path = Pods_TestPDKit.framework; sourceTree = BUILT_PRODUCTS_DIR; };
		BF416F9EC2828A65D85916CA /* Pods-TestPDKit.debug.xcconfig */ = {isa = PBXFileReference; includeInIndex = 1; lastKnownFileType = text.xcconfig; name = "Pods-TestPDKit.debug.xcconfig"; path = "Target Support Files/Pods-TestPDKit/Pods-TestPDKit.debug.xcconfig"; sourceTree = "<group>"; };
/* End PBXFileReference section */

/* Begin PBXFrameworksBuildPhase section */
		04894CB025E3532F00238BC6 /* Frameworks */ = {
			isa = PBXFrameworksBuildPhase;
			buildActionMask = 2147483647;
			files = (
				8180F715F50058A024DE5D98 /* Pods_TestPDKit.framework in Frameworks */,
			);
			runOnlyForDeploymentPostprocessing = 0;
		};
/* End PBXFrameworksBuildPhase section */

/* Begin PBXGroup section */
		04894CAA25E3532F00238BC6 = {
			isa = PBXGroup;
			children = (
				04894CB525E3532F00238BC6 /* TestPDKit */,
				04894CB425E3532F00238BC6 /* Products */,
				1E90A5064DA0DC1626F8B155 /* Pods */,
				1596BC117208FBA89AC991AD /* Frameworks */,
			);
			sourceTree = "<group>";
		};
		04894CB425E3532F00238BC6 /* Products */ = {
			isa = PBXGroup;
			children = (
				04894CB325E3532F00238BC6 /* TestPDKit.app */,
			);
			name = Products;
			sourceTree = "<group>";
		};
		04894CB525E3532F00238BC6 /* TestPDKit */ = {
			isa = PBXGroup;
			children = (
				04894CB625E3532F00238BC6 /* AppDelegate.swift */,
				04894CB825E3532F00238BC6 /* SceneDelegate.swift */,
				04894CBA25E3532F00238BC6 /* ViewController.swift */,
				04894CBC25E3532F00238BC6 /* Main.storyboard */,
				04894CBF25E3533100238BC6 /* Assets.xcassets */,
				04894CC125E3533100238BC6 /* LaunchScreen.storyboard */,
				04894CC425E3533100238BC6 /* Info.plist */,
			);
			path = TestPDKit;
			sourceTree = "<group>";
		};
		1596BC117208FBA89AC991AD /* Frameworks */ = {
			isa = PBXGroup;
			children = (
				92F9BC2C5EDBBB01EF7A5F6C /* Pods_TestPDKit.framework */,
			);
			name = Frameworks;
			sourceTree = "<group>";
		};
		1E90A5064DA0DC1626F8B155 /* Pods */ = {
			isa = PBXGroup;
			children = (
				BF416F9EC2828A65D85916CA /* Pods-TestPDKit.debug.xcconfig */,
				15A7B151E325CB4C6BE93200 /* Pods-TestPDKit.release.xcconfig */,
			);
			path = Pods;
			sourceTree = "<group>";
		};
/* End PBXGroup section */

/* Begin PBXNativeTarget section */
		04894CB225E3532F00238BC6 /* TestPDKit */ = {
			isa = PBXNativeTarget;
			buildConfigurationList = 04894CC725E3533100238BC6 /* Build configuration list for PBXNativeTarget "TestPDKit" */;
			buildPhases = (
				D1149B271BC68025FF4EB225 /* [CP] Check Pods Manifest.lock */,
				04894CAF25E3532F00238BC6 /* Sources */,
				04894CB025E3532F00238BC6 /* Frameworks */,
				04894CB125E3532F00238BC6 /* Resources */,
				31A4EA1FECE30768608A2CE8 /* [CP] Embed Pods Frameworks */,
			);
			buildRules = (
			);
			dependencies = (
			);
			name = TestPDKit;
			productName = TestPDKit;
			productReference = 04894CB325E3532F00238BC6 /* TestPDKit.app */;
			productType = "com.apple.product-type.application";
		};
/* End PBXNativeTarget section */

/* Begin PBXProject section */
		04894CAB25E3532F00238BC6 /* Project object */ = {
			isa = PBXProject;
			attributes = {
				LastSwiftUpdateCheck = 1240;
				LastUpgradeCheck = 1240;
				TargetAttributes = {
					04894CB225E3532F00238BC6 = {
						CreatedOnToolsVersion = 12.4;
					};
				};
			};
			buildConfigurationList = 04894CAE25E3532F00238BC6 /* Build configuration list for PBXProject "TestPDKit" */;
			compatibilityVersion = "Xcode 9.3";
			developmentRegion = en;
			hasScannedForEncodings = 0;
			knownRegions = (
				en,
				Base,
			);
			mainGroup = 04894CAA25E3532F00238BC6;
			productRefGroup = 04894CB425E3532F00238BC6 /* Products */;
			projectDirPath = "";
			projectRoot = "";
			targets = (
				04894CB225E3532F00238BC6 /* TestPDKit */,
			);
		};
/* End PBXProject section */

/* Begin PBXResourcesBuildPhase section */
		04894CB125E3532F00238BC6 /* Resources */ = {
			isa = PBXResourcesBuildPhase;
			buildActionMask = 2147483647;
			files = (
				04894CC325E3533100238BC6 /* LaunchScreen.storyboard in Resources */,
				04894CC025E3533100238BC6 /* Assets.xcassets in Resources */,
				04894CBE25E3532F00238BC6 /* Main.storyboard in Resources */,
			);
			runOnlyForDeploymentPostprocessing = 0;
		};
/* End PBXResourcesBuildPhase section */

/* Begin PBXShellScriptBuildPhase section */
		31A4EA1FECE30768608A2CE8 /* [CP] Embed Pods Frameworks */ = {
			isa = PBXShellScriptBuildPhase;
			buildActionMask = 2147483647;
			files = (
			);
			inputFileListPaths = (
				"${PODS_ROOT}/Target Support Files/Pods-TestPDKit/Pods-TestPDKit-frameworks-${CONFIGURATION}-input-files.xcfilelist",
			);
			name = "[CP] Embed Pods Frameworks";
			outputFileListPaths = (
				"${PODS_ROOT}/Target Support Files/Pods-TestPDKit/Pods-TestPDKit-frameworks-${CONFIGURATION}-output-files.xcfilelist",
			);
			runOnlyForDeploymentPostprocessing = 0;
			shellPath = /bin/sh;
			shellScript = "\"${PODS_ROOT}/Target Support Files/Pods-TestPDKit/Pods-TestPDKit-frameworks.sh\"\n";
			showEnvVarsInLog = 0;
		};
		D1149B271BC68025FF4EB225 /* [CP] Check Pods Manifest.lock */ = {
			isa = PBXShellScriptBuildPhase;
			buildActionMask = 2147483647;
			files = (
			);
			inputFileListPaths = (
			);
			inputPaths = (
				"${PODS_PODFILE_DIR_PATH}/Podfile.lock",
				"${PODS_ROOT}/Manifest.lock",
			);
			name = "[CP] Check Pods Manifest.lock";
			outputFileListPaths = (
			);
			outputPaths = (
				"$(DERIVED_FILE_DIR)/Pods-TestPDKit-checkManifestLockResult.txt",
			);
			runOnlyForDeploymentPostprocessing = 0;
			shellPath = /bin/sh;
			shellScript = "diff \"${PODS_PODFILE_DIR_PATH}/Podfile.lock\" \"${PODS_ROOT}/Manifest.lock\" > /dev/null\nif [ $? != 0 ] ; then\n    # print error to STDERR\n    echo \"error: The sandbox is not in sync with the Podfile.lock. Run 'pod install' or update your CocoaPods installation.\" >&2\n    exit 1\nfi\n# This output is used by Xcode 'outputs' to avoid re-running this script phase.\necho \"SUCCESS\" > \"${SCRIPT_OUTPUT_FILE_0}\"\n";
			showEnvVarsInLog = 0;
		};
/* End PBXShellScriptBuildPhase section */

/* Begin PBXSourcesBuildPhase section */
		04894CAF25E3532F00238BC6 /* Sources */ = {
			isa = PBXSourcesBuildPhase;
			buildActionMask = 2147483647;
			files = (
				04894CBB25E3532F00238BC6 /* ViewController.swift in Sources */,
				04894CB725E3532F00238BC6 /* AppDelegate.swift in Sources */,
				04894CB925E3532F00238BC6 /* SceneDelegate.swift in Sources */,
			);
			runOnlyForDeploymentPostprocessing = 0;
		};
/* End PBXSourcesBuildPhase section */

/* Begin PBXVariantGroup section */
		04894CBC25E3532F00238BC6 /* Main.storyboard */ = {
			isa = PBXVariantGroup;
			children = (
				04894CBD25E3532F00238BC6 /* Base */,
			);
			name = Main.storyboard;
			sourceTree = "<group>";
		};
		04894CC125E3533100238BC6 /* LaunchScreen.storyboard */ = {
			isa = PBXVariantGroup;
			children = (
				04894CC225E3533100238BC6 /* Base */,
			);
			name = LaunchScreen.storyboard;
			sourceTree = "<group>";
		};
/* End PBXVariantGroup section */

/* Begin XCBuildConfiguration section */
		04894CC525E3533100238BC6 /* Debug */ = {
			isa = XCBuildConfiguration;
			buildSettings = {
				ALWAYS_SEARCH_USER_PATHS = NO;
				CLANG_ANALYZER_NONNULL = YES;
				CLANG_ANALYZER_NUMBER_OBJECT_CONVERSION = YES_AGGRESSIVE;
				CLANG_CXX_LANGUAGE_STANDARD = "gnu++14";
				CLANG_CXX_LIBRARY = "libc++";
				CLANG_ENABLE_MODULES = YES;
				CLANG_ENABLE_OBJC_ARC = YES;
				CLANG_ENABLE_OBJC_WEAK = YES;
				CLANG_WARN_BLOCK_CAPTURE_AUTORELEASING = YES;
				CLANG_WARN_BOOL_CONVERSION = YES;
				CLANG_WARN_COMMA = YES;
				CLANG_WARN_CONSTANT_CONVERSION = YES;
				CLANG_WARN_DEPRECATED_OBJC_IMPLEMENTATIONS = YES;
				CLANG_WARN_DIRECT_OBJC_ISA_USAGE = YES_ERROR;
				CLANG_WARN_DOCUMENTATION_COMMENTS = YES;
				CLANG_WARN_EMPTY_BODY = YES;
				CLANG_WARN_ENUM_CONVERSION = YES;
				CLANG_WARN_INFINITE_RECURSION = YES;
				CLANG_WARN_INT_CONVERSION = YES;
				CLANG_WARN_NON_LITERAL_NULL_CONVERSION = YES;
				CLANG_WARN_OBJC_IMPLICIT_RETAIN_SELF = YES;
				CLANG_WARN_OBJC_LITERAL_CONVERSION = YES;
				CLANG_WARN_OBJC_ROOT_CLASS = YES_ERROR;
				CLANG_WARN_QUOTED_INCLUDE_IN_FRAMEWORK_HEADER = YES;
				CLANG_WARN_RANGE_LOOP_ANALYSIS = YES;
				CLANG_WARN_STRICT_PROTOTYPES = YES;
				CLANG_WARN_SUSPICIOUS_MOVE = YES;
				CLANG_WARN_UNGUARDED_AVAILABILITY = YES_AGGRESSIVE;
				CLANG_WARN_UNREACHABLE_CODE = YES;
				CLANG_WARN__DUPLICATE_METHOD_MATCH = YES;
				COPY_PHASE_STRIP = NO;
				DEBUG_INFORMATION_FORMAT = dwarf;
				ENABLE_STRICT_OBJC_MSGSEND = YES;
				ENABLE_TESTABILITY = YES;
				GCC_C_LANGUAGE_STANDARD = gnu11;
				GCC_DYNAMIC_NO_PIC = NO;
				GCC_NO_COMMON_BLOCKS = YES;
				GCC_OPTIMIZATION_LEVEL = 0;
				GCC_PREPROCESSOR_DEFINITIONS = (
					"DEBUG=1",
					"$(inherited)",
				);
				GCC_WARN_64_TO_32_BIT_CONVERSION = YES;
				GCC_WARN_ABOUT_RETURN_TYPE = YES_ERROR;
				GCC_WARN_UNDECLARED_SELECTOR = YES;
				GCC_WARN_UNINITIALIZED_AUTOS = YES_AGGRESSIVE;
				GCC_WARN_UNUSED_FUNCTION = YES;
				GCC_WARN_UNUSED_VARIABLE = YES;
				IPHONEOS_DEPLOYMENT_TARGET = 14.4;
				MTL_ENABLE_DEBUG_INFO = INCLUDE_SOURCE;
				MTL_FAST_MATH = YES;
				ONLY_ACTIVE_ARCH = YES;
				SDKROOT = iphoneos;
				SWIFT_ACTIVE_COMPILATION_CONDITIONS = DEBUG;
				SWIFT_OPTIMIZATION_LEVEL = "-Onone";
			};
			name = Debug;
		};
		04894CC625E3533100238BC6 /* Release */ = {
			isa = XCBuildConfiguration;
			buildSettings = {
				ALWAYS_SEARCH_USER_PATHS = NO;
				CLANG_ANALYZER_NONNULL = YES;
				CLANG_ANALYZER_NUMBER_OBJECT_CONVERSION = YES_AGGRESSIVE;
				CLANG_CXX_LANGUAGE_STANDARD = "gnu++14";
				CLANG_CXX_LIBRARY = "libc++";
				CLANG_ENABLE_MODULES = YES;
				CLANG_ENABLE_OBJC_ARC = YES;
				CLANG_ENABLE_OBJC_WEAK = YES;
				CLANG_WARN_BLOCK_CAPTURE_AUTORELEASING = YES;
				CLANG_WARN_BOOL_CONVERSION = YES;
				CLANG_WARN_COMMA = YES;
				CLANG_WARN_CONSTANT_CONVERSION = YES;
				CLANG_WARN_DEPRECATED_OBJC_IMPLEMENTATIONS = YES;
				CLANG_WARN_DIRECT_OBJC_ISA_USAGE = YES_ERROR;
				CLANG_WARN_DOCUMENTATION_COMMENTS = YES;
				CLANG_WARN_EMPTY_BODY = YES;
				CLANG_WARN_ENUM_CONVERSION = YES;
				CLANG_WARN_INFINITE_RECURSION = YES;
				CLANG_WARN_INT_CONVERSION = YES;
				CLANG_WARN_NON_LITERAL_NULL_CONVERSION = YES;
				CLANG_WARN_OBJC_IMPLICIT_RETAIN_SELF = YES;
				CLANG_WARN_OBJC_LITERAL_CONVERSION = YES;
				CLANG_WARN_OBJC_ROOT_CLASS = YES_ERROR;
				CLANG_WARN_QUOTED_INCLUDE_IN_FRAMEWORK_HEADER = YES;
				CLANG_WARN_RANGE_LOOP_ANALYSIS = YES;
				CLANG_WARN_STRICT_PROTOTYPES = YES;
				CLANG_WARN_SUSPICIOUS_MOVE = YES;
				CLANG_WARN_UNGUARDED_AVAILABILITY = YES_AGGRESSIVE;
				CLANG_WARN_UNREACHABLE_CODE = YES;
				CLANG_WARN__DUPLICATE_METHOD_MATCH = YES;
				COPY_PHASE_STRIP = NO;
				DEBUG_INFORMATION_FORMAT = "dwarf-with-dsym";
				ENABLE_NS_ASSERTIONS = NO;
				ENABLE_STRICT_OBJC_MSGSEND = YES;
				GCC_C_LANGUAGE_STANDARD = gnu11;
				GCC_NO_COMMON_BLOCKS = YES;
				GCC_WARN_64_TO_32_BIT_CONVERSION = YES;
				GCC_WARN_ABOUT_RETURN_TYPE = YES_ERROR;
				GCC_WARN_UNDECLARED_SELECTOR = YES;
				GCC_WARN_UNINITIALIZED_AUTOS = YES_AGGRESSIVE;
				GCC_WARN_UNUSED_FUNCTION = YES;
				GCC_WARN_UNUSED_VARIABLE = YES;
				IPHONEOS_DEPLOYMENT_TARGET = 14.4;
				MTL_ENABLE_DEBUG_INFO = NO;
				MTL_FAST_MATH = YES;
				SDKROOT = iphoneos;
				SWIFT_COMPILATION_MODE = wholemodule;
				SWIFT_OPTIMIZATION_LEVEL = "-O";
				VALIDATE_PRODUCT = YES;
			};
			name = Release;
		};
		04894CC825E3533100238BC6 /* Debug */ = {
			isa = XCBuildConfiguration;
			baseConfigurationReference = BF416F9EC2828A65D85916CA /* Pods-TestPDKit.debug.xcconfig */;
			buildSettings = {
				ASSETCATALOG_COMPILER_APPICON_NAME = AppIcon;
				ASSETCATALOG_COMPILER_GLOBAL_ACCENT_COLOR_NAME = AccentColor;
				CODE_SIGN_STYLE = Automatic;
				DEVELOPMENT_TEAM = CWV72G22NS;
				INFOPLIST_FILE = TestPDKit/Info.plist;
				IPHONEOS_DEPLOYMENT_TARGET = 14.4;
				LD_RUNPATH_SEARCH_PATHS = (
					"$(inherited)",
					"@executable_path/Frameworks",
				);
				PRODUCT_BUNDLE_IDENTIFIER = com.professordeng.TestPDKit;
				PRODUCT_NAME = "$(TARGET_NAME)";
				SWIFT_VERSION = 5.0;
				TARGETED_DEVICE_FAMILY = "1,2";
			};
			name = Debug;
		};
		04894CC925E3533100238BC6 /* Release */ = {
			isa = XCBuildConfiguration;
			baseConfigurationReference = 15A7B151E325CB4C6BE93200 /* Pods-TestPDKit.release.xcconfig */;
			buildSettings = {
				ASSETCATALOG_COMPILER_APPICON_NAME = AppIcon;
				ASSETCATALOG_COMPILER_GLOBAL_ACCENT_COLOR_NAME = AccentColor;
				CODE_SIGN_STYLE = Automatic;
				DEVELOPMENT_TEAM = CWV72G22NS;
				INFOPLIST_FILE = TestPDKit/Info.plist;
				IPHONEOS_DEPLOYMENT_TARGET = 14.4;
				LD_RUNPATH_SEARCH_PATHS = (
					"$(inherited)",
					"@executable_path/Frameworks",
				);
				PRODUCT_BUNDLE_IDENTIFIER = com.professordeng.TestPDKit;
				PRODUCT_NAME = "$(TARGET_NAME)";
				SWIFT_VERSION = 5.0;
				TARGETED_DEVICE_FAMILY = "1,2";
			};
			name = Release;
		};
/* End XCBuildConfiguration section */

/* Begin XCConfigurationList section */
		04894CAE25E3532F00238BC6 /* Build configuration list for PBXProject "TestPDKit" */ = {
			isa = XCConfigurationList;
			buildConfigurations = (
				04894CC525E3533100238BC6 /* Debug */,
				04894CC625E3533100238BC6 /* Release */,
			);
			defaultConfigurationIsVisible = 0;
			defaultConfigurationName = Release;
		};
		04894CC725E3533100238BC6 /* Build configuration list for PBXNativeTarget "TestPDKit" */ = {
			isa = XCConfigurationList;
			buildConfigurations = (
				04894CC825E3533100238BC6 /* Debug */,
				04894CC925E3533100238BC6 /* Release */,
			);
			defaultConfigurationIsVisible = 0;
			defaultConfigurationName = Release;
		};
/* End XCConfigurationList section */
	};
	rootObject = 04894CAB25E3532F00238BC6 /* Project object */;
}
